// !$*UTF8*$!
{
	archiveVersion = 1;
	classes = {
	};
	objectVersion = 77;
	objects = {

/* Begin PBXContainerItemProxy section */
		3051EB5B2F85DD7A00BE8C08 /* PBXContainerItemProxy */ = {
			isa = PBXContainerItemProxy;
			containerPortal = 3051EB452F85DD7800BE8C08 /* Project object */;
			proxyType = 1;
			remoteGlobalIDString = 3051EB4C2F85DD7800BE8C08;
			remoteInfo = "RAG-Chatbot";
		};
		3051EB652F85DD7A00BE8C08 /* PBXContainerItemProxy */ = {
			isa = PBXContainerItemProxy;
			containerPortal = 3051EB452F85DD7800BE8C08 /* Project object */;
			proxyType = 1;
			remoteGlobalIDString = 3051EB4C2F85DD7800BE8C08;
			remoteInfo = "RAG-Chatbot";
		};
/* End PBXContainerItemProxy section */

/* Begin PBXFileReference section */
		3051EB4D2F85DD7800BE8C08 /* RAG-Chatbot.app */ = {isa = PBXFileReference; explicitFileType = wrapper.application; includeInIndex = 0; path = "RAG-Chatbot.app"; sourceTree = BUILT_PRODUCTS_DIR; };
		3051EB5A2F85DD7A00BE8C08 /* RAG-ChatbotTests.xctest */ = {isa = PBXFileReference; explicitFileType = wrapper.cfbundle; includeInIndex = 0; path = "RAG-ChatbotTests.xctest"; sourceTree = BUILT_PRODUCTS_DIR; };
		3051EB642F85DD7A00BE8C08 /* RAG-ChatbotUITests.xctest */ = {isa = PBXFileReference; explicitFileType = wrapper.cfbundle; includeInIndex = 0; path = "RAG-ChatbotUITests.xctest"; sourceTree = BUILT_PRODUCTS_DIR; };
/* End PBXFileReference section */

/* Begin PBXFileSystemSynchronizedBuildFileExceptionSet section */
		3051EB7F2F85E25100BE8C08 /* Exceptions for "RAG-Chatbot" folder in "RAG-Chatbot" target */ = {
			isa = PBXFileSystemSynchronizedBuildFileExceptionSet;
			membershipExceptions = (
				Info.plist,
			);
			target = 3051EB4C2F85DD7800BE8C08 /* RAG-Chatbot */;
		};
/* End PBXFileSystemSynchronizedBuildFileExceptionSet section */

/* Begin PBXFileSystemSynchronizedRootGroup section */
		3051EB4F2F85DD7800BE8C08 /* RAG-Chatbot */ = {
			isa = PBXFileSystemSynchronizedRootGroup;
			exceptions = (
				3051EB7F2F85E25100BE8C08 /* Exceptions for "RAG-Chatbot" folder in "RAG-Chatbot" target */,
			);
			path = "RAG-Chatbot";
			sourceTree = "<group>";
		};
		3051EB5D2F85DD7A00BE8C08 /* RAG-ChatbotTests */ = {
			isa = PBXFileSystemSynchronizedRootGroup;
			path = "RAG-ChatbotTests";
			sourceTree = "<group>";
		};
		3051EB672F85DD7A00BE8C08 /* RAG-ChatbotUITests */ = {
			isa = PBXFileSystemSynchronizedRootGroup;
			path = "RAG-ChatbotUITests";
			sourceTree = "<group>";
		};
/* End PBXFileSystemSynchronizedRootGroup section */

/* Begin PBXFrameworksBuildPhase section */
		3051EB4A2F85DD7800BE8C08 /* Frameworks */ = {
			isa = PBXFrameworksBuildPhase;
			buildActionMask = 2147483647;
			files = (
			);
			runOnlyForDeploymentPostprocessing = 0;
		};
		3051EB572F85DD7A00BE8C08 /* Frameworks */ = {
			isa = PBXFrameworksBuildPhase;
			buildActionMask = 2147483647;
			files = (
			);
			runOnlyForDeploymentPostprocessing = 0;
		};
		3051EB612F85DD7A00BE8C08 /* Frameworks */ = {
			isa = PBXFrameworksBuildPhase;
			buildActionMask = 2147483647;
			files = (
			);
			runOnlyForDeploymentPostprocessing = 0;
		};
/* End PBXFrameworksBuildPhase section */

/* Begin PBXGroup section */
		3051EB442F85DD7800BE8C08 = {
			isa = PBXGroup;
			children = (
				3051EB4F2F85DD7800BE8C08 /* RAG-Chatbot */,
				3051EB5D2F85DD7A00BE8C08 /* RAG-ChatbotTests */,
				3051EB672F85DD7A00BE8C08 /* RAG-ChatbotUITests */,
				3051EB4E2F85DD7800BE8C08 /* Products */,
			);
			sourceTree = "<group>";
		};
		3051EB4E2F85DD7800BE8C08 /* Products */ = {
			isa = PBXGroup;
			children = (
				3051EB4D2F85DD7800BE8C08 /* RAG-Chatbot.app */,
				3051EB5A2F85DD7A00BE8C08 /* RAG-ChatbotTests.xctest */,
				3051EB642F85DD7A00BE8C08 /* RAG-ChatbotUITests.xctest */,
			);
			name = Products;
			sourceTree = "<group>";
		};
/* End PBXGroup section */

/* Begin PBXNativeTarget section */
		3051EB4C2F85DD7800BE8C08 /* RAG-Chatbot */ = {
			isa = PBXNativeTarget;
			buildConfigurationList = 3051EB6E2F85DD7A00BE8C08 /* Build configuration list for PBXNativeTarget "RAG-Chatbot" */;
			buildPhases = (
				3051EB492F85DD7800BE8C08 /* Sources */,
				3051EB4A2F85DD7800BE8C08 /* Frameworks */,
				3051EB4B2F85DD7800BE8C08 /* Resources */,
			);
			buildRules = (
			);
			dependencies = (
			);
			fileSystemSynchronizedGroups = (
				3051EB4F2F85DD7800BE8C08 /* RAG-Chatbot */,
			);
			name = "RAG-Chatbot";
			packageProductDependencies = (
			);
			productName = "RAG-Chatbot";
			productReference = 3051EB4D2F85DD7800BE8C08 /* RAG-Chatbot.app */;
			productType = "com.apple.product-type.application";
		};
		3051EB592F85DD7A00BE8C08 /* RAG-ChatbotTests */ = {
			isa = PBXNativeTarget;
			buildConfigurationList = 3051EB712F85DD7A00BE8C08 /* Build configuration list for PBXNativeTarget "RAG-ChatbotTests" */;
			buildPhases = (
				3051EB562F85DD7A00BE8C08 /* Sources */,
				3051EB572F85DD7A00BE8C08 /* Frameworks */,
				3051EB582F85DD7A00BE8C08 /* Resources */,
			);
			buildRules = (
			);
			dependencies = (
				3051EB5C2F85DD7A00BE8C08 /* PBXTargetDependency */,
			);
			fileSystemSynchronizedGroups = (
				3051EB5D2F85DD7A00BE8C08 /* RAG-ChatbotTests */,
			);
			name = "RAG-ChatbotTests";
			packageProductDependencies = (
			);
			productName = "RAG-ChatbotTests";
			productReference = 3051EB5A2F85DD7A00BE8C08 /* RAG-ChatbotTests.xctest */;
			productType = "com.apple.product-type.bundle.unit-test";
		};
		3051EB632F85DD7A00BE8C08 /* RAG-ChatbotUITests */ = {
			isa = PBXNativeTarget;
			buildConfigurationList = 3051EB742F85DD7A00BE8C08 /* Build configuration list for PBXNativeTarget "RAG-ChatbotUITests" */;
			buildPhases = (
				3051EB602F85DD7A00BE8C08 /* Sources */,
				3051EB612F85DD7A00BE8C08 /* Frameworks */,
				3051EB622F85DD7A00BE8C08 /* Resources */,
			);
			buildRules = (
			);
			dependencies = (
				3051EB662F85DD7A00BE8C08 /* PBXTargetDependency */,
			);
			fileSystemSynchronizedGroups = (
				3051EB672F85DD7A00BE8C08 /* RAG-ChatbotUITests */,
			);
			name = "RAG-ChatbotUITests";
			packageProductDependencies = (
			);
			productName = "RAG-ChatbotUITests";
			productReference = 3051EB642F85DD7A00BE8C08 /* RAG-ChatbotUITests.xctest */;
			productType = "com.apple.product-type.bundle.ui-testing";
		};
/* End PBXNativeTarget section */

/* Begin PBXProject section */
		3051EB452F85DD7800BE8C08 /* Project object */ = {
			isa = PBXProject;
			attributes = {
				BuildIndependentTargetsInParallel = 1;
				LastSwiftUpdateCheck = 2630;
				LastUpgradeCheck = 2630;
				TargetAttributes = {
					3051EB4C2F85DD7800BE8C08 = {
						CreatedOnToolsVersion = 26.3;
					};
					3051EB592F85DD7A00BE8C08 = {
						CreatedOnToolsVersion = 26.3;
						TestTargetID = 3051EB4C2F85DD7800BE8C08;
					};
					3051EB632F85DD7A00BE8C08 = {
						CreatedOnToolsVersion = 26.3;
						TestTargetID = 3051EB4C2F85DD7800BE8C08;
					};
				};
			};
			buildConfigurationList = 3051EB482F85DD7800BE8C08 /* Build configuration list for PBXProject "RAG-Chatbot" */;
			developmentRegion = en;
			hasScannedForEncodings = 0;
			knownRegions = (
				en,
				Base,
			);
			mainGroup = 3051EB442F85DD7800BE8C08;
			minimizedProjectReferenceProxies = 1;
			preferredProjectObjectVersion = 77;
			productRefGroup = 3051EB4E2F85DD7800BE8C08 /* Products */;
			projectDirPath = "";
			projectRoot = "";
			targets = (
				3051EB4C2F85DD7800BE8C08 /* RAG-Chatbot */,
				3051EB592F85DD7A00BE8C08 /* RAG-ChatbotTests */,
				3051EB632F85DD7A00BE8C08 /* RAG-ChatbotUITests */,
			);
		};
/* End PBXProject section */

/* Begin PBXResourcesBuildPhase section */
		3051EB4B2F85DD7800BE8C08 /* Resources */ = {
			isa = PBXResourcesBuildPhase;
			buildActionMask = 2147483647;
			files = (
			);
			runOnlyForDeploymentPostprocessing = 0;
		};
		3051EB582F85DD7A00BE8C08 /* Resources */ = {
			isa = PBXResourcesBuildPhase;
			buildActionMask = 2147483647;
			files = (
			);
			runOnlyForDeploymentPostprocessing = 0;
		};
		3051EB622F85DD7A00BE8C08 /* Resources */ = {
			isa = PBXResourcesBuildPhase;
			buildActionMask = 2147483647;
			files = (
			);
			runOnlyForDeploymentPostprocessing = 0;
		};
/* End PBXResourcesBuildPhase section */

/* Begin PBXSourcesBuildPhase section */
		3051EB492F85DD7800BE8C08 /* Sources */ = {
			isa = PBXSourcesBuildPhase;
			buildActionMask = 2147483647;
			files = (
			);
			runOnlyForDeploymentPostprocessing = 0;
		};
		3051EB562F85DD7A00BE8C08 /* Sources */ = {
			isa = PBXSourcesBuildPhase;
			buildActionMask = 2147483647;
			files = (
			);
			runOnlyForDeploymentPostprocessing = 0;
		};
		3051EB602F85DD7A00BE8C08 /* Sources */ = {
			isa = PBXSourcesBuildPhase;
			buildActionMask = 2147483647;
			files = (
			);
			runOnlyForDeploymentPostprocessing = 0;
		};
/* End PBXSourcesBuildPhase section */

/* Begin PBXTargetDependency section */
		3051EB5C2F85DD7A00BE8C08 /* PBXTargetDependency */ = {
			isa = PBXTargetDependency;
			target = 3051EB4C2F85DD7800BE8C08 /* RAG-Chatbot */;
			targetProxy = 3051EB5B2F85DD7A00BE8C08 /* PBXContainerItemProxy */;
		};
		3051EB662F85DD7A00BE8C08 /* PBXTargetDependency */ = {
			isa = PBXTargetDependency;
			target = 3051EB4C2F85DD7800BE8C08 /* RAG-Chatbot */;
			targetProxy = 3051EB652F85DD7A00BE8C08 /* PBXContainerItemProxy */;
		};
/* End PBXTargetDependency section */

/* Begin XCBuildConfiguration section */
		3051EB6C2F85DD7A00BE8C08 /* Debug */ = {
			isa = XCBuildConfiguration;
			buildSettings = {
				ALWAYS_SEARCH_USER_PATHS = NO;
				ASSETCATALOG_COMPILER_GENERATE_SWIFT_ASSET_SYMBOL_EXTENSIONS = YES;
				CLANG_ANALYZER_NONNULL = YES;
				CLANG_ANALYZER_NUMBER_OBJECT_CONVERSION = YES_AGGRESSIVE;
				CLANG_CXX_LANGUAGE_STANDARD = "gnu++20";
				CLANG_ENABLE_MODULES = YES;
				CLANG_ENABLE_OBJC_ARC = YES;
				CLANG_ENABLE_OBJC_WEAK = YES;
				CLANG_WARN_BLOCK_CAPTURE_AUTORELEASING = YES;
				CLANG_WARN_BOOL_CONVERSION = YES;
				CLANG_WARN_COMMA = YES;
				CLANG_WARN_CONSTANT_CONVERSION = YES;
				CLANG_WARN_DEPRECATED_OBJC_IMPLEMENTATIONS = YES;
				CLANG_WARN_DIRECT_OBJC_ISA_USAGE = YES_ERROR;
				CLANG_WARN_DOCUMENTATION_COMMENTS = YES;
				CLANG_WARN_EMPTY_BODY = YES;
				CLANG_WARN_ENUM_CONVERSION = YES;
				CLANG_WARN_INFINITE_RECURSION = YES;
				CLANG_WARN_INT_CONVERSION = YES;
				CLANG_WARN_NON_LITERAL_NULL_CONVERSION = YES;
				CLANG_WARN_OBJC_IMPLICIT_RETAIN_SELF = YES;
				CLANG_WARN_OBJC_LITERAL_CONVERSION = YES;
				CLANG_WARN_OBJC_ROOT_CLASS = YES_ERROR;
				CLANG_WARN_QUOTED_INCLUDE_IN_FRAMEWORK_HEADER = YES;
				CLANG_WARN_RANGE_LOOP_ANALYSIS = YES;
				CLANG_WARN_STRICT_PROTOTYPES = YES;
				CLANG_WARN_SUSPICIOUS_MOVE = YES;
				CLANG_WARN_UNGUARDED_AVAILABILITY = YES_AGGRESSIVE;
				CLANG_WARN_UNREACHABLE_CODE = YES;
				CLANG_WARN__DUPLICATE_METHOD_MATCH = YES;
				COPY_PHASE_STRIP = NO;
				DEBUG_INFORMATION_FORMAT = dwarf;
				ENABLE_STRICT_OBJC_MSGSEND = YES;
				ENABLE_TESTABILITY = YES;
				ENABLE_USER_SCRIPT_SANDBOXING = YES;
				GCC_C_LANGUAGE_STANDARD = gnu17;
				GCC_DYNAMIC_NO_PIC = NO;
				GCC_NO_COMMON_BLOCKS = YES;
				GCC_OPTIMIZATION_LEVEL = 0;
				GCC_PREPROCESSOR_DEFINITIONS = (
					"DEBUG=1",
					"$(inherited)",
				);
				GCC_WARN_64_TO_32_BIT_CONVERSION = YES;
				GCC_WARN_ABOUT_RETURN_TYPE = YES_ERROR;
				GCC_WARN_UNDECLARED_SELECTOR = YES;
				GCC_WARN_UNINITIALIZED_AUTOS = YES_AGGRESSIVE;
				GCC_WARN_UNUSED_FUNCTION = YES;
				GCC_WARN_UNUSED_VARIABLE = YES;
				IPHONEOS_DEPLOYMENT_TARGET = 26.2;
				LOCALIZATION_PREFERS_STRING_CATALOGS = YES;
				MTL_ENABLE_DEBUG_INFO = INCLUDE_SOURCE;
				MTL_FAST_MATH = YES;
				ONLY_ACTIVE_ARCH = YES;
				SDKROOT = iphoneos;
				SWIFT_ACTIVE_COMPILATION_CONDITIONS = "DEBUG $(inherited)";
				SWIFT_OPTIMIZATION_LEVEL = "-Onone";
			};
			name = Debug;
		};
		3051EB6D2F85DD7A00BE8C08 /* Release */ = {
			isa = XCBuildConfiguration;
			buildSettings = {
				ALWAYS_SEARCH_USER_PATHS = NO;
				ASSETCATALOG_COMPILER_GENERATE_SWIFT_ASSET_SYMBOL_EXTENSIONS = YES;
				CLANG_ANALYZER_NONNULL = YES;
				CLANG_ANALYZER_NUMBER_OBJECT_CONVERSION = YES_AGGRESSIVE;
				CLANG_CXX_LANGUAGE_STANDARD = "gnu++20";
				CLANG_ENABLE_MODULES = YES;
				CLANG_ENABLE_OBJC_ARC = YES;
				CLANG_ENABLE_OBJC_WEAK = YES;
				CLANG_WARN_BLOCK_CAPTURE_AUTORELEASING = YES;
				CLANG_WARN_BOOL_CONVERSION = YES;
				CLANG_WARN_COMMA = YES;
				CLANG_WARN_CONSTANT_CONVERSION = YES;
				CLANG_WARN_DEPRECATED_OBJC_IMPLEMENTATIONS = YES;
				CLANG_WARN_DIRECT_OBJC_ISA_USAGE = YES_ERROR;
				CLANG_WARN_DOCUMENTATION_COMMENTS = YES;
				CLANG_WARN_EMPTY_BODY = YES;
				CLANG_WARN_ENUM_CONVERSION = YES;
				CLANG_WARN_INFINITE_RECURSION = YES;
				CLANG_WARN_INT_CONVERSION = YES;
				CLANG_WARN_NON_LITERAL_NULL_CONVERSION = YES;
				CLANG_WARN_OBJC_IMPLICIT_RETAIN_SELF = YES;
				CLANG_WARN_OBJC_LITERAL_CONVERSION = YES;
				CLANG_WARN_OBJC_ROOT_CLASS = YES_ERROR;
				CLANG_WARN_QUOTED_INCLUDE_IN_FRAMEWORK_HEADER = YES;
				CLANG_WARN_RANGE_LOOP_ANALYSIS = YES;
				CLANG_WARN_STRICT_PROTOTYPES = YES;
				CLANG_WARN_SUSPICIOUS_MOVE = YES;
				CLANG_WARN_UNGUARDED_AVAILABILITY = YES_AGGRESSIVE;
				CLANG_WARN_UNREACHABLE_CODE = YES;
				CLANG_WARN__DUPLICATE_METHOD_MATCH = YES;
				COPY_PHASE_STRIP = NO;
				DEBUG_INFORMATION_FORMAT = "dwarf-with-dsym";
				ENABLE_NS_ASSERTIONS = NO;
				ENABLE_STRICT_OBJC_MSGSEND = YES;
				ENABLE_USER_SCRIPT_SANDBOXING = YES;
				GCC_C_LANGUAGE_STANDARD = gnu17;
				GCC_NO_COMMON_BLOCKS = YES;
				GCC_WARN_64_TO_32_BIT_CONVERSION = YES;
				GCC_WARN_ABOUT_RETURN_TYPE = YES_ERROR;
				GCC_WARN_UNDECLARED_SELECTOR = YES;
				GCC_WARN_UNINITIALIZED_AUTOS = YES_AGGRESSIVE;
				GCC_WARN_UNUSED_FUNCTION = YES;
				GCC_WARN_UNUSED_VARIABLE = YES;
				IPHONEOS_DEPLOYMENT_TARGET = 26.2;
				LOCALIZATION_PREFERS_STRING_CATALOGS = YES;
				MTL_ENABLE_DEBUG_INFO = NO;
				MTL_FAST_MATH = YES;
				SDKROOT = iphoneos;
				SWIFT_COMPILATION_MODE = wholemodule;
				VALIDATE_PRODUCT = YES;
			};
			name = Release;
		};
		3051EB6F2F85DD7A00BE8C08 /* Debug */ = {
			isa = XCBuildConfiguration;
			buildSettings = {
				ASSETCATALOG_COMPILER_APPICON_NAME = AppIcon;
				ASSETCATALOG_COMPILER_GLOBAL_ACCENT_COLOR_NAME = AccentColor;
				CODE_SIGN_STYLE = Automatic;
				CURRENT_PROJECT_VERSION = 1;
				ENABLE_PREVIEWS = YES;
				GENERATE_INFOPLIST_FILE = YES;
				INFOPLIST_FILE = "RAG-Chatbot/Info.plist";
				INFOPLIST_KEY_UIApplicationSceneManifest_Generation = YES;
				INFOPLIST_KEY_UIApplicationSupportsIndirectInputEvents = YES;
				INFOPLIST_KEY_UILaunchScreen_Generation = YES;
				INFOPLIST_KEY_UISupportedInterfaceOrientations_iPad = "UIInterfaceOrientationPortrait UIInterfaceOrientationPortraitUpsideDown UIInterfaceOrientationLandscapeLeft UIInterfaceOrientationLandscapeRight";
				INFOPLIST_KEY_UISupportedInterfaceOrientations_iPhone = "UIInterfaceOrientationPortrait UIInterfaceOrientationLandscapeLeft UIInterfaceOrientationLandscapeRight";
				LD_RUNPATH_SEARCH_PATHS = (
					"$(inherited)",
					"@executable_path/Frameworks",
				);
				MARKETING_VERSION = 1.0;
				PRODUCT_BUNDLE_IDENTIFIER = "com.chinthaka.RAG-Chatbot";
				PRODUCT_NAME = "$(TARGET_NAME)";
				STRING_CATALOG_GENERATE_SYMBOLS = YES;
				SWIFT_APPROACHABLE_CONCURRENCY = YES;
				SWIFT_DEFAULT_ACTOR_ISOLATION = MainActor;
				SWIFT_EMIT_LOC_STRINGS = YES;
				SWIFT_UPCOMING_FEATURE_MEMBER_IMPORT_VISIBILITY = YES;
				SWIFT_VERSION = 5.0;
				TARGETED_DEVICE_FAMILY = "1,2";
			};
			name = Debug;
		};
		3051EB702F85DD7A00BE8C08 /* Release */ = {
			isa = XCBuildConfiguration;
			buildSettings = {
				ASSETCATALOG_COMPILER_APPICON_NAME = AppIcon;
				ASSETCATALOG_COMPILER_GLOBAL_ACCENT_COLOR_NAME = AccentColor;
				CODE_SIGN_STYLE = Automatic;
				CURRENT_PROJECT_VERSION = 1;
				ENABLE_PREVIEWS = YES;
				GENERATE_INFOPLIST_FILE = YES;
				INFOPLIST_FILE = "RAG-Chatbot/Info.plist";
				INFOPLIST_KEY_UIApplicationSceneManifest_Generation = YES;
				INFOPLIST_KEY_UIApplicationSupportsIndirectInputEvents = YES;
				INFOPLIST_KEY_UILaunchScreen_Generation = YES;
				INFOPLIST_KEY_UISupportedInterfaceOrientations_iPad = "UIInterfaceOrientationPortrait UIInterfaceOrientationPortraitUpsideDown UIInterfaceOrientationLandscapeLeft UIInterfaceOrientationLandscapeRight";
				INFOPLIST_KEY_UISupportedInterfaceOrientations_iPhone = "UIInterfaceOrientationPortrait UIInterfaceOrientationLandscapeLeft UIInterfaceOrientationLandscapeRight";
				LD_RUNPATH_SEARCH_PATHS = (
					"$(inherited)",
					"@executable_path/Frameworks",
				);
				MARKETING_VERSION = 1.0;
				PRODUCT_BUNDLE_IDENTIFIER = "com.chinthaka.RAG-Chatbot";
				PRODUCT_NAME = "$(TARGET_NAME)";
				STRING_CATALOG_GENERATE_SYMBOLS = YES;
				SWIFT_APPROACHABLE_CONCURRENCY = YES;
				SWIFT_DEFAULT_ACTOR_ISOLATION = MainActor;
				SWIFT_EMIT_LOC_STRINGS = YES;
				SWIFT_UPCOMING_FEATURE_MEMBER_IMPORT_VISIBILITY = YES;
				SWIFT_VERSION = 5.0;
				TARGETED_DEVICE_FAMILY = "1,2";
			};
			name = Release;
		};
		3051EB722F85DD7A00BE8C08 /* Debug */ = {
			isa = XCBuildConfiguration;
			buildSettings = {
				BUNDLE_LOADER = "$(TEST_HOST)";
				CODE_SIGN_STYLE = Automatic;
				CURRENT_PROJECT_VERSION = 1;
				GENERATE_INFOPLIST_FILE = YES;
				IPHONEOS_DEPLOYMENT_TARGET = 26.2;
				MARKETING_VERSION = 1.0;
				PRODUCT_BUNDLE_IDENTIFIER = "com.chinthaka.RAG-ChatbotTests";
				PRODUCT_NAME = "$(TARGET_NAME)";
				STRING_CATALOG_GENERATE_SYMBOLS = NO;
				SWIFT_APPROACHABLE_CONCURRENCY = YES;
				SWIFT_EMIT_LOC_STRINGS = NO;
				SWIFT_UPCOMING_FEATURE_MEMBER_IMPORT_VISIBILITY = YES;
				SWIFT_VERSION = 5.0;
				TARGETED_DEVICE_FAMILY = "1,2";
				TEST_HOST = "$(BUILT_PRODUCTS_DIR)/RAG-Chatbot.app/$(BUNDLE_EXECUTABLE_FOLDER_PATH)/RAG-Chatbot";
			};
			name = Debug;
		};
		3051EB732F85DD7A00BE8C08 /* Release */ = {
			isa = XCBuildConfiguration;
			buildSettings = {
				BUNDLE_LOADER = "$(TEST_HOST)";
				CODE_SIGN_STYLE = Automatic;
				CURRENT_PROJECT_VERSION = 1;
				GENERATE_INFOPLIST_FILE = YES;
				IPHONEOS_DEPLOYMENT_TARGET = 26.2;
				MARKETING_VERSION = 1.0;
				PRODUCT_BUNDLE_IDENTIFIER = "com.chinthaka.RAG-ChatbotTests";
				PRODUCT_NAME = "$(TARGET_NAME)";
				STRING_CATALOG_GENERATE_SYMBOLS = NO;
				SWIFT_APPROACHABLE_CONCURRENCY = YES;
				SWIFT_EMIT_LOC_STRINGS = NO;
				SWIFT_UPCOMING_FEATURE_MEMBER_IMPORT_VISIBILITY = YES;
				SWIFT_VERSION = 5.0;
				TARGETED_DEVICE_FAMILY = "1,2";
				TEST_HOST = "$(BUILT_PRODUCTS_DIR)/RAG-Chatbot.app/$(BUNDLE_EXECUTABLE_FOLDER_PATH)/RAG-Chatbot";
			};
			name = Release;
		};
		3051EB752F85DD7A00BE8C08 /* Debug */ = {
			isa = XCBuildConfiguration;
			buildSettings = {
				CODE_SIGN_STYLE = Automatic;
				CURRENT_PROJECT_VERSION = 1;
				GENERATE_INFOPLIST_FILE = YES;
				MARKETING_VERSION = 1.0;
				PRODUCT_BUNDLE_IDENTIFIER = "com.chinthaka.RAG-ChatbotUITests";
				PRODUCT_NAME = "$(TARGET_NAME)";
				STRING_CATALOG_GENERATE_SYMBOLS = NO;
				SWIFT_APPROACHABLE_CONCURRENCY = YES;
				SWIFT_EMIT_LOC_STRINGS = NO;
				SWIFT_UPCOMING_FEATURE_MEMBER_IMPORT_VISIBILITY = YES;
				SWIFT_VERSION = 5.0;
				TARGETED_DEVICE_FAMILY = "1,2";
				TEST_TARGET_NAME = "RAG-Chatbot";
			};
			name = Debug;
		};
		3051EB762F85DD7A00BE8C08 /* Release */ = {
			isa = XCBuildConfiguration;
			buildSettings = {
				CODE_SIGN_STYLE = Automatic;
				CURRENT_PROJECT_VERSION = 1;
				GENERATE_INFOPLIST_FILE = YES;
				MARKETING_VERSION = 1.0;
				PRODUCT_BUNDLE_IDENTIFIER = "com.chinthaka.RAG-ChatbotUITests";
				PRODUCT_NAME = "$(TARGET_NAME)";
				STRING_CATALOG_GENERATE_SYMBOLS = NO;
				SWIFT_APPROACHABLE_CONCURRENCY = YES;
				SWIFT_EMIT_LOC_STRINGS = NO;
				SWIFT_UPCOMING_FEATURE_MEMBER_IMPORT_VISIBILITY = YES;
				SWIFT_VERSION = 5.0;
				TARGETED_DEVICE_FAMILY = "1,2";
				TEST_TARGET_NAME = "RAG-Chatbot";
			};
			name = Release;
		};
/* End XCBuildConfiguration section */

/* Begin XCConfigurationList section */
		3051EB482F85DD7800BE8C08 /* Build configuration list for PBXProject "RAG-Chatbot" */ = {
			isa = XCConfigurationList;
			buildConfigurations = (
				3051EB6C2F85DD7A00BE8C08 /* Debug */,
				3051EB6D2F85DD7A00BE8C08 /* Release */,
			);
			defaultConfigurationIsVisible = 0;
			defaultConfigurationName = Release;
		};
		3051EB6E2F85DD7A00BE8C08 /* Build configuration list for PBXNativeTarget "RAG-Chatbot" */ = {
			isa = XCConfigurationList;
			buildConfigurations = (
				3051EB6F2F85DD7A00BE8C08 /* Debug */,
				3051EB702F85DD7A00BE8C08 /* Release */,
			);
			defaultConfigurationIsVisible = 0;
			defaultConfigurationName = Release;
		};
		3051EB712F85DD7A00BE8C08 /* Build configuration list for PBXNativeTarget "RAG-ChatbotTests" */ = {
			isa = XCConfigurationList;
			buildConfigurations = (
				3051EB722F85DD7A00BE8C08 /* Debug */,
				3051EB732F85DD7A00BE8C08 /* Release */,
			);
			defaultConfigurationIsVisible = 0;
			defaultConfigurationName = Release;
		};
		3051EB742F85DD7A00BE8C08 /* Build configuration list for PBXNativeTarget "RAG-ChatbotUITests" */ = {
			isa = XCConfigurationList;
			buildConfigurations = (
				3051EB752F85DD7A00BE8C08 /* Debug */,
				3051EB762F85DD7A00BE8C08 /* Release */,
			);
			defaultConfigurationIsVisible = 0;
			defaultConfigurationName = Release;
		};
/* End XCConfigurationList section */
	};
	rootObject = 3051EB452F85DD7800BE8C08 /* Project object */;
}
